
Microsoft Visual Studio Solution File, Format Version 12.00
# Visual Studio Version 17
VisualStudioVersion = 17.7.34221.43
MinimumVisualStudioVersion = 10.0.40219.1
Project("{FAE04EC0-301F-11D3-BF4B-00C04F79EFBC}") = "Abstraction", "OOP\Abstraction\Abstraction.csproj", "{AD5BAFBF-3968-4A01-9BD7-C72DDA7F25D0}"
EndProject
Project("{FAE04EC0-301F-11D3-BF4B-00C04F79EFBC}") = "Inheritance", "OOP\Inheritance\Inheritance.csproj", "{05265FC3-3326-4C9B-BF13-5405EB8614EB}"
EndProject
Project("{FAE04EC0-301F-11D3-BF4B-00C04F79EFBC}") = "Encapsulation", "OOP\Encapsulation\Encapsulation.csproj", "{BD2E9312-FC3D-4358-B83B-FCDE44014B05}"
EndProject
Project("{FAE04EC0-301F-11D3-BF4B-00C04F79EFBC}") = "Polymorphism", "OOP\Polymorphism\Polymorphism.csproj", "{49E9B045-4D52-4E51-B5A4-6ABE49B08A58}"
EndProject
Project("{FAE04EC0-301F-11D3-BF4B-00C04F79EFBC}") = "Properties", "OOP\Properties\Properties.csproj", "{E8A5B080-36BD-4944-B2C7-E6909CFCDE75}"
EndProject
Global
	GlobalSection(SolutionConfigurationPlatforms) = preSolution
		Debug|Any CPU = Debug|Any CPU
		Release|Any CPU = Release|Any CPU
	EndGlobalSection
	GlobalSection(ProjectConfigurationPlatforms) = postSolution
		{AD5BAFBF-3968-4A01-9BD7-C72DDA7F25D0}.Debug|Any CPU.ActiveCfg = Debug|Any CPU
		{AD5BAFBF-3968-4A01-9BD7-C72DDA7F25D0}.Debug|Any CPU.Build.0 = Debug|Any CPU
		{AD5BAFBF-3968-4A01-9BD7-C72DDA7F25D0}.Release|Any CPU.ActiveCfg = Release|Any CPU
		{AD5BAFBF-3968-4A01-9BD7-C72DDA7F25D0}.Release|Any CPU.Build.0 = Release|Any CPU
		{05265FC3-3326-4C9B-BF13-5405EB8614EB}.Debug|Any CPU.ActiveCfg = Debug|Any CPU
		{05265FC3-3326-4C9B-BF13-5405EB8614EB}.Debug|Any CPU.Build.0 = Debug|Any CPU
		{05265FC3-3326-4C9B-BF13-5405EB8614EB}.Release|Any CPU.ActiveCfg = Release|Any CPU
		{05265FC3-3326-4C9B-BF13-5405EB8614EB}.Release|Any CPU.Build.0 = Release|Any CPU
		{BD2E9312-FC3D-4358-B83B-FCDE44014B05}.Debug|Any CPU.ActiveCfg = Debug|Any CPU
		{BD2E9312-FC3D-4358-B83B-FCDE44014B05}.Debug|Any CPU.Build.0 = Debug|Any CPU
		{BD2E9312-FC3D-4358-B83B-FCDE44014B05}.Release|Any CPU.ActiveCfg = Release|Any CPU
		{BD2E9312-FC3D-4358-B83B-FCDE44014B05}.Release|Any CPU.Build.0 = Release|Any CPU
		{49E9B045-4D52-4E51-B5A4-6ABE49B08A58}.Debug|Any CPU.ActiveCfg = Debug|Any CPU
		{49E9B045-4D52-4E51-B5A4-6ABE49B08A58}.Debug|Any CPU.Build.0 = Debug|Any CPU
		{49E9B045-4D52-4E51-B5A4-6ABE49B08A58}.Release|Any CPU.ActiveCfg = Release|Any CPU
		{49E9B045-4D52-4E51-B5A4-6ABE49B08A58}.Release|Any CPU.Build.0 = Release|Any CPU
		{E8A5B080-36BD-4944-B2C7-E6909CFCDE75}.Debug|Any CPU.ActiveCfg = Debug|Any CPU
		{E8A5B080-36BD-4944-B2C7-E6909CFCDE75}.Debug|Any CPU.Build.0 = Debug|Any CPU
		{E8A5B080-36BD-4944-B2C7-E6909CFCDE75}.Release|Any CPU.ActiveCfg = Release|Any CPU
		{E8A5B080-36BD-4944-B2C7-E6909CFCDE75}.Release|Any CPU.Build.0 = Release|Any CPU
	EndGlobalSection
	GlobalSection(SolutionProperties) = preSolution
		HideSolutionNode = FALSE
	EndGlobalSection
	GlobalSection(ExtensibilityGlobals) = postSolution
		SolutionGuid = {4398086A-894E-47DE-8A9F-D396E511168A}
	EndGlobalSection
EndGlobal
