
Microsoft Visual Studio Solution File, Format Version 12.00
# Visual Studio Version 17
VisualStudioVersion = 17.7.34221.43
MinimumVisualStudioVersion = 10.0.40219.1
Project("{FAE04EC0-301F-11D3-BF4B-00C04F79EFBC}") = "Exceptions", "Exceptions\Exceptions.csproj", "{59209DA2-DEF4-41FA-A9B4-7BDDA9CDC998}"
EndProject
Global
	GlobalSection(SolutionConfigurationPlatforms) = preSolution
		Debug|Any CPU = Debug|Any CPU
		Release|Any CPU = Release|Any CPU
	EndGlobalSection
	GlobalSection(ProjectConfigurationPlatforms) = postSolution
		{59209DA2-DEF4-41FA-A9B4-7BDDA9CDC998}.Debug|Any CPU.ActiveCfg = Debug|Any CPU
		{59209DA2-DEF4-41FA-A9B4-7BDDA9CDC998}.Debug|Any CPU.Build.0 = Debug|Any CPU
		{59209DA2-DEF4-41FA-A9B4-7BDDA9CDC998}.Release|Any CPU.ActiveCfg = Release|Any CPU
		{59209DA2-DEF4-41FA-A9B4-7BDDA9CDC998}.Release|Any CPU.Build.0 = Release|Any CPU
	EndGlobalSection
	GlobalSection(SolutionProperties) = preSolution
		HideSolutionNode = FALSE
	EndGlobalSection
	GlobalSection(ExtensibilityGlobals) = postSolution
		SolutionGuid = {4398086A-894E-47DE-8A9F-D396E511168A}
	EndGlobalSection
EndGlobal
