
Microsoft Visual Studio Solution File, Format Version 12.00
# Visual Studio Version 17
VisualStudioVersion = 17.7.34221.43
MinimumVisualStudioVersion = 10.0.40219.1
Project("{FAE04EC0-301F-11D3-BF4B-00C04F79EFBC}") = "Abstraction", "OOP\Abstraction\Abstraction.csproj", "{AD5BAFBF-3968-4A01-9BD7-C72DDA7F25D0}"
EndProject
Global
	GlobalSection(SolutionConfigurationPlatforms) = preSolution
		Debug|Any CPU = Debug|Any CPU
		Release|Any CPU = Release|Any CPU
	EndGlobalSection
	GlobalSection(ProjectConfigurationPlatforms) = postSolution
		{AD5BAFBF-3968-4A01-9BD7-C72DDA7F25D0}.Debug|Any CPU.ActiveCfg = Debug|Any CPU
		{AD5BAFBF-3968-4A01-9BD7-C72DDA7F25D0}.Debug|Any CPU.Build.0 = Debug|Any CPU
		{AD5BAFBF-3968-4A01-9BD7-C72DDA7F25D0}.Release|Any CPU.ActiveCfg = Release|Any CPU
		{AD5BAFBF-3968-4A01-9BD7-C72DDA7F25D0}.Release|Any CPU.Build.0 = Release|Any CPU
	EndGlobalSection
	GlobalSection(SolutionProperties) = preSolution
		HideSolutionNode = FALSE
	EndGlobalSection
	GlobalSection(ExtensibilityGlobals) = postSolution
		SolutionGuid = {4398086A-894E-47DE-8A9F-D396E511168A}
	EndGlobalSection
EndGlobal
